
Microsoft Visual Studio Solution File, Format Version 12.00
# Visual Studio Version 17
VisualStudioVersion = 17.0.31903.59
MinimumVisualStudioVersion = 10.0.40219.1
Project("{FAE04EC0-301F-11D3-BF4B-00C04F79EFBC}") = "BlazorBlog", "src\BlazorBlog\BlazorBlog\BlazorBlog.csproj", "{AE88CF2D-9C10-4EB7-A3E5-CA420DCB9BF5}"
EndProject
Project("{FAE04EC0-301F-11D3-BF4B-00C04F79EFBC}") = "BlazorBlog.Client", "src\BlazorBlog\BlazorBlog.Client\BlazorBlog.Client.csproj", "{C38B6D84-112D-404B-BD3A-1C48C86804FE}"
EndProject
Global
	GlobalSection(SolutionConfigurationPlatforms) = preSolution
		Debug|Any CPU = Debug|Any CPU
		Release|Any CPU = Release|Any CPU
	EndGlobalSection
	GlobalSection(ProjectConfigurationPlatforms) = postSolution
		{AE88CF2D-9C10-4EB7-A3E5-CA420DCB9BF5}.Debug|Any CPU.ActiveCfg = Debug|Any CPU
		{AE88CF2D-9C10-4EB7-A3E5-CA420DCB9BF5}.Debug|Any CPU.Build.0 = Debug|Any CPU
		{AE88CF2D-9C10-4EB7-A3E5-CA420DCB9BF5}.Release|Any CPU.ActiveCfg = Release|Any CPU
		{AE88CF2D-9C10-4EB7-A3E5-CA420DCB9BF5}.Release|Any CPU.Build.0 = Release|Any CPU
		{C38B6D84-112D-404B-BD3A-1C48C86804FE}.Debug|Any CPU.ActiveCfg = Debug|Any CPU
		{C38B6D84-112D-404B-BD3A-1C48C86804FE}.Debug|Any CPU.Build.0 = Debug|Any CPU
		{C38B6D84-112D-404B-BD3A-1C48C86804FE}.Release|Any CPU.ActiveCfg = Release|Any CPU
		{C38B6D84-112D-404B-BD3A-1C48C86804FE}.Release|Any CPU.Build.0 = Release|Any CPU
	EndGlobalSection
	GlobalSection(SolutionProperties) = preSolution
		HideSolutionNode = FALSE
	EndGlobalSection
	GlobalSection(ExtensibilityGlobals) = postSolution
		SolutionGuid = {5EC4E28E-8A32-427C-A4AA-CD6DB91E73C1}
	EndGlobalSection
EndGlobal
